
Microsoft Visual Studio Solution File, Format Version 12.00
# Visual Studio 14
VisualStudioVersion = 14.0.25123.0
MinimumVisualStudioVersion = 10.0.40219.1
Project("{FC6A327E-84F6-4E33-9528-8C3AFDE077BA}") = "Sitecore.Support.134934", "Sitecore.Support.134934\Sitecore.Support.134934.csproj", "{F7011FAF-8945-4937-BC07-C914A7904B12}"
EndProject
Global
	GlobalSection(SolutionConfigurationPlatforms) = preSolution
		Debug|Any CPU = Debug|Any CPU
		Release|Any CPU = Release|Any CPU
	EndGlobalSection
	GlobalSection(ProjectConfigurationPlatforms) = postSolution
		{F7011FAF-8945-4937-BC07-C914A7904B12}.Debug|Any CPU.ActiveCfg = Debug|Any CPU
		{F7011FAF-8945-4937-BC07-C914A7904B12}.Debug|Any CPU.Build.0 = Debug|Any CPU
		{F7011FAF-8945-4937-BC07-C914A7904B12}.Release|Any CPU.ActiveCfg = Release|Any CPU
		{F7011FAF-8945-4937-BC07-C914A7904B12}.Release|Any CPU.Build.0 = Release|Any CPU
	EndGlobalSection
	GlobalSection(SolutionProperties) = preSolution
		HideSolutionNode = FALSE
	EndGlobalSection
EndGlobal
